
Microsoft Visual Studio Solution File, Format Version 12.00
# Visual Studio Version 17
VisualStudioVersion = 17.5.33530.505
MinimumVisualStudioVersion = 10.0.40219.1
Project("{9A19103F-16F7-4668-BE54-9A1E7A4F7556}") = "Dell.CloudIQ.Api", "Dell.CloudIQ.Api\Dell.CloudIQ.Api.csproj", "{35CD7DFC-D5E5-4BA6-9A20-22A938A609F7}"
EndProject
Project("{9A19103F-16F7-4668-BE54-9A1E7A4F7556}") = "Dell.CloudIq.Api.Test", "Dell.CloudIQ.Api.Test\Dell.CloudIq.Api.Test.csproj", "{5D0A8078-2D9A-474B-A42A-4CE41C2E8872}"
EndProject
Project("{2150E333-8FDC-42A3-9474-1A3956D46DE8}") = "Solution Items", "Solution Items", "{7E34CBA0-CC1B-4CFB-964B-157E9FE6E768}"
	ProjectSection(SolutionItems) = preProject
		.editorconfig = .editorconfig
		README.md = README.md
		version.json = version.json
	EndProjectSection
EndProject
Global
	GlobalSection(SolutionConfigurationPlatforms) = preSolution
		Debug|Any CPU = Debug|Any CPU
		Release|Any CPU = Release|Any CPU
	EndGlobalSection
	GlobalSection(ProjectConfigurationPlatforms) = postSolution
		{35CD7DFC-D5E5-4BA6-9A20-22A938A609F7}.Debug|Any CPU.ActiveCfg = Debug|Any CPU
		{35CD7DFC-D5E5-4BA6-9A20-22A938A609F7}.Debug|Any CPU.Build.0 = Debug|Any CPU
		{35CD7DFC-D5E5-4BA6-9A20-22A938A609F7}.Release|Any CPU.ActiveCfg = Release|Any CPU
		{35CD7DFC-D5E5-4BA6-9A20-22A938A609F7}.Release|Any CPU.Build.0 = Release|Any CPU
		{5D0A8078-2D9A-474B-A42A-4CE41C2E8872}.Debug|Any CPU.ActiveCfg = Debug|Any CPU
		{5D0A8078-2D9A-474B-A42A-4CE41C2E8872}.Debug|Any CPU.Build.0 = Debug|Any CPU
		{5D0A8078-2D9A-474B-A42A-4CE41C2E8872}.Release|Any CPU.ActiveCfg = Release|Any CPU
		{5D0A8078-2D9A-474B-A42A-4CE41C2E8872}.Release|Any CPU.Build.0 = Release|Any CPU
	EndGlobalSection
	GlobalSection(SolutionProperties) = preSolution
		HideSolutionNode = FALSE
	EndGlobalSection
	GlobalSection(ExtensibilityGlobals) = postSolution
		SolutionGuid = {2D9F9CD9-4268-460A-B0DA-ADF6728048C9}
	EndGlobalSection
EndGlobal
